
Microsoft Visual Studio Solution File, Format Version 12.00
# Visual Studio Version 17
VisualStudioVersion = 17.9.34728.123
MinimumVisualStudioVersion = 10.0.40219.1
Project("{9A19103F-16F7-4668-BE54-9A1E7A4F7556}") = "UriBuilder", "UriBuilder\UriBuilder.csproj", "{E8E51340-9371-4AE2-BF9D-11DE582A83F7}"
EndProject
Project("{9A19103F-16F7-4668-BE54-9A1E7A4F7556}") = "GRPC-Consola", "GRPC-Consola\GRPC-Consola.csproj", "{BEEBFD61-B985-43AD-916B-20CB93EA6242}"
EndProject
Project("{9A19103F-16F7-4668-BE54-9A1E7A4F7556}") = "GRPCServer", "GRPCServer\GRPCServer.csproj", "{BE804E89-DAE8-495C-9CEF-138C838D66F2}"
EndProject
Project("{9A19103F-16F7-4668-BE54-9A1E7A4F7556}") = "FormateoRFC", "FormateoRFC\FormateoRFC.csproj", "{0F4545D5-1D16-49EA-974B-BFC28E199590}"
EndProject
Project("{FAE04EC0-301F-11D3-BF4B-00C04F79EFBC}") = "SepararCadenaEnLista", "SepararCadenaEnLista\SepararCadenaEnLista.csproj", "{43FC885F-6B3E-4FD3-964D-0DE5C2B02ADD}"
EndProject
Project("{FAE04EC0-301F-11D3-BF4B-00C04F79EFBC}") = "CreacionExcel", "CreacionExcel\CreacionExcel.csproj", "{DA4C2772-3DEE-42D9-8F11-137377D4D805}"
EndProject
Global
	GlobalSection(SolutionConfigurationPlatforms) = preSolution
		Debug|Any CPU = Debug|Any CPU
		Release|Any CPU = Release|Any CPU
	EndGlobalSection
	GlobalSection(ProjectConfigurationPlatforms) = postSolution
		{E8E51340-9371-4AE2-BF9D-11DE582A83F7}.Debug|Any CPU.ActiveCfg = Debug|Any CPU
		{E8E51340-9371-4AE2-BF9D-11DE582A83F7}.Debug|Any CPU.Build.0 = Debug|Any CPU
		{E8E51340-9371-4AE2-BF9D-11DE582A83F7}.Release|Any CPU.ActiveCfg = Release|Any CPU
		{E8E51340-9371-4AE2-BF9D-11DE582A83F7}.Release|Any CPU.Build.0 = Release|Any CPU
		{BEEBFD61-B985-43AD-916B-20CB93EA6242}.Debug|Any CPU.ActiveCfg = Debug|Any CPU
		{BEEBFD61-B985-43AD-916B-20CB93EA6242}.Debug|Any CPU.Build.0 = Debug|Any CPU
		{BEEBFD61-B985-43AD-916B-20CB93EA6242}.Release|Any CPU.ActiveCfg = Release|Any CPU
		{BEEBFD61-B985-43AD-916B-20CB93EA6242}.Release|Any CPU.Build.0 = Release|Any CPU
		{BE804E89-DAE8-495C-9CEF-138C838D66F2}.Debug|Any CPU.ActiveCfg = Debug|Any CPU
		{BE804E89-DAE8-495C-9CEF-138C838D66F2}.Debug|Any CPU.Build.0 = Debug|Any CPU
		{BE804E89-DAE8-495C-9CEF-138C838D66F2}.Release|Any CPU.ActiveCfg = Release|Any CPU
		{BE804E89-DAE8-495C-9CEF-138C838D66F2}.Release|Any CPU.Build.0 = Release|Any CPU
		{0F4545D5-1D16-49EA-974B-BFC28E199590}.Debug|Any CPU.ActiveCfg = Debug|Any CPU
		{0F4545D5-1D16-49EA-974B-BFC28E199590}.Debug|Any CPU.Build.0 = Debug|Any CPU
		{0F4545D5-1D16-49EA-974B-BFC28E199590}.Release|Any CPU.ActiveCfg = Release|Any CPU
		{0F4545D5-1D16-49EA-974B-BFC28E199590}.Release|Any CPU.Build.0 = Release|Any CPU
		{43FC885F-6B3E-4FD3-964D-0DE5C2B02ADD}.Debug|Any CPU.ActiveCfg = Debug|Any CPU
		{43FC885F-6B3E-4FD3-964D-0DE5C2B02ADD}.Debug|Any CPU.Build.0 = Debug|Any CPU
		{43FC885F-6B3E-4FD3-964D-0DE5C2B02ADD}.Release|Any CPU.ActiveCfg = Release|Any CPU
		{43FC885F-6B3E-4FD3-964D-0DE5C2B02ADD}.Release|Any CPU.Build.0 = Release|Any CPU
		{DA4C2772-3DEE-42D9-8F11-137377D4D805}.Debug|Any CPU.ActiveCfg = Debug|Any CPU
		{DA4C2772-3DEE-42D9-8F11-137377D4D805}.Debug|Any CPU.Build.0 = Debug|Any CPU
		{DA4C2772-3DEE-42D9-8F11-137377D4D805}.Release|Any CPU.ActiveCfg = Release|Any CPU
		{DA4C2772-3DEE-42D9-8F11-137377D4D805}.Release|Any CPU.Build.0 = Release|Any CPU
	EndGlobalSection
	GlobalSection(SolutionProperties) = preSolution
		HideSolutionNode = FALSE
	EndGlobalSection
	GlobalSection(ExtensibilityGlobals) = postSolution
		SolutionGuid = {D6CBF478-315B-4854-BFBE-867A59796B02}
	EndGlobalSection
EndGlobal
