
Microsoft Visual Studio Solution File, Format Version 12.00
# Visual Studio Version 17
VisualStudioVersion = 17.9.34728.123
MinimumVisualStudioVersion = 10.0.40219.1
Project("{9A19103F-16F7-4668-BE54-9A1E7A4F7556}") = "UriBuilder", "UriBuilder\UriBuilder.csproj", "{E8E51340-9371-4AE2-BF9D-11DE582A83F7}"
EndProject
Project("{9A19103F-16F7-4668-BE54-9A1E7A4F7556}") = "GRPC-Consola", "GRPC-Consola\GRPC-Consola.csproj", "{BEEBFD61-B985-43AD-916B-20CB93EA6242}"
EndProject
Project("{9A19103F-16F7-4668-BE54-9A1E7A4F7556}") = "GRPCServer", "GRPCServer\GRPCServer.csproj", "{BE804E89-DAE8-495C-9CEF-138C838D66F2}"
EndProject
Project("{9A19103F-16F7-4668-BE54-9A1E7A4F7556}") = "FormateoRFC", "FormateoRFC\FormateoRFC.csproj", "{0F4545D5-1D16-49EA-974B-BFC28E199590}"
EndProject
Project("{FAE04EC0-301F-11D3-BF4B-00C04F79EFBC}") = "SepararCadenaEnLista", "SepararCadenaEnLista\SepararCadenaEnLista.csproj", "{43FC885F-6B3E-4FD3-964D-0DE5C2B02ADD}"
EndProject
Project("{FAE04EC0-301F-11D3-BF4B-00C04F79EFBC}") = "CreacionExcel", "CreacionExcel\CreacionExcel.csproj", "{DA4C2772-3DEE-42D9-8F11-137377D4D805}"
EndProject
Project("{2150E333-8FDC-42A3-9474-1A3956D46DE8}") = "Pruebas-Maui", "Pruebas-Maui", "{02EA681E-C7D8-13C7-8484-4AC65E1B71E8}"
EndProject
Project("{FAE04EC0-301F-11D3-BF4B-00C04F79EFBC}") = "MAUI.App1", "MAUI.App1\MAUI.App1.csproj", "{7A494B4B-E9F0-4026-9487-E54F31676991}"
EndProject
Project("{FAE04EC0-301F-11D3-BF4B-00C04F79EFBC}") = "MAUI.Biblioteca", "MAUI.Biblioteca\MAUI.Biblioteca.csproj", "{8F366AF3-54E9-4CA7-859F-E25C3EA7F5FE}"
EndProject
Project("{FAE04EC0-301F-11D3-BF4B-00C04F79EFBC}") = "MAUI.App2", "MAUI.App2\MAUI.App2.csproj", "{65CD5E3F-FC5C-4A31-BA8A-E0E91CF792AF}"
EndProject
Project("{FAE04EC0-301F-11D3-BF4B-00C04F79EFBC}") = "PruebaEndpoint-InvElectronico", "PruebaEndpoint-InvElectronico\PruebaEndpoint-InvElectronico.csproj", "{A56DB174-DD90-48AF-A327-E324FD7CCFFA}"
EndProject
Project("{FAE04EC0-301F-11D3-BF4B-00C04F79EFBC}") = "PruebaReConexionVerificador", "PruebaReConexionVerificador\PruebaReConexionVerificador.csproj", "{1C40F801-7466-4BF2-AD08-7ABD92974735}"
EndProject
Project("{2150E333-8FDC-42A3-9474-1A3956D46DE8}") = "PruebaRaptor", "PruebaRaptor", "{E573A1A9-0DBC-4C6C-ACFA-88D1F7261FF5}"
EndProject
Project("{FAE04EC0-301F-11D3-BF4B-00C04F79EFBC}") = "Raptor.Dominio", "Raptor.Dominio\Raptor.Dominio.csproj", "{BDD81A52-E6A3-4921-9714-D8C48DAA580F}"
EndProject
Project("{FAE04EC0-301F-11D3-BF4B-00C04F79EFBC}") = "Raptor.Api", "Raptor.Api\Raptor.Api.csproj", "{129B6608-4F1C-4A4C-9C20-10BC32880973}"
EndProject
Project("{FAE04EC0-301F-11D3-BF4B-00C04F79EFBC}") = "Raptor.ScriptAnalyzerConsola", "Raptor.ScriptAnalyzerConsola\Raptor.ScriptAnalyzerConsola.csproj", "{BECDA953-85D2-4A9F-B259-26396B718AA6}"
EndProject
Project("{FAE04EC0-301F-11D3-BF4B-00C04F79EFBC}") = "EncriptadorColector", "EncriptadorColector\EncriptadorColector.csproj", "{7D58AB37-8B08-46F1-A7AD-BF4154DEDEEB}"
EndProject
Global
	GlobalSection(SolutionConfigurationPlatforms) = preSolution
		Debug|Any CPU = Debug|Any CPU
		Release|Any CPU = Release|Any CPU
	EndGlobalSection
	GlobalSection(ProjectConfigurationPlatforms) = postSolution
		{E8E51340-9371-4AE2-BF9D-11DE582A83F7}.Debug|Any CPU.ActiveCfg = Debug|Any CPU
		{E8E51340-9371-4AE2-BF9D-11DE582A83F7}.Debug|Any CPU.Build.0 = Debug|Any CPU
		{E8E51340-9371-4AE2-BF9D-11DE582A83F7}.Release|Any CPU.ActiveCfg = Release|Any CPU
		{E8E51340-9371-4AE2-BF9D-11DE582A83F7}.Release|Any CPU.Build.0 = Release|Any CPU
		{BEEBFD61-B985-43AD-916B-20CB93EA6242}.Debug|Any CPU.ActiveCfg = Debug|Any CPU
		{BEEBFD61-B985-43AD-916B-20CB93EA6242}.Debug|Any CPU.Build.0 = Debug|Any CPU
		{BEEBFD61-B985-43AD-916B-20CB93EA6242}.Release|Any CPU.ActiveCfg = Release|Any CPU
		{BEEBFD61-B985-43AD-916B-20CB93EA6242}.Release|Any CPU.Build.0 = Release|Any CPU
		{BE804E89-DAE8-495C-9CEF-138C838D66F2}.Debug|Any CPU.ActiveCfg = Debug|Any CPU
		{BE804E89-DAE8-495C-9CEF-138C838D66F2}.Debug|Any CPU.Build.0 = Debug|Any CPU
		{BE804E89-DAE8-495C-9CEF-138C838D66F2}.Release|Any CPU.ActiveCfg = Release|Any CPU
		{BE804E89-DAE8-495C-9CEF-138C838D66F2}.Release|Any CPU.Build.0 = Release|Any CPU
		{0F4545D5-1D16-49EA-974B-BFC28E199590}.Debug|Any CPU.ActiveCfg = Debug|Any CPU
		{0F4545D5-1D16-49EA-974B-BFC28E199590}.Debug|Any CPU.Build.0 = Debug|Any CPU
		{0F4545D5-1D16-49EA-974B-BFC28E199590}.Release|Any CPU.ActiveCfg = Release|Any CPU
		{0F4545D5-1D16-49EA-974B-BFC28E199590}.Release|Any CPU.Build.0 = Release|Any CPU
		{43FC885F-6B3E-4FD3-964D-0DE5C2B02ADD}.Debug|Any CPU.ActiveCfg = Debug|Any CPU
		{43FC885F-6B3E-4FD3-964D-0DE5C2B02ADD}.Debug|Any CPU.Build.0 = Debug|Any CPU
		{43FC885F-6B3E-4FD3-964D-0DE5C2B02ADD}.Release|Any CPU.ActiveCfg = Release|Any CPU
		{43FC885F-6B3E-4FD3-964D-0DE5C2B02ADD}.Release|Any CPU.Build.0 = Release|Any CPU
		{DA4C2772-3DEE-42D9-8F11-137377D4D805}.Debug|Any CPU.ActiveCfg = Debug|Any CPU
		{DA4C2772-3DEE-42D9-8F11-137377D4D805}.Debug|Any CPU.Build.0 = Debug|Any CPU
		{DA4C2772-3DEE-42D9-8F11-137377D4D805}.Release|Any CPU.ActiveCfg = Release|Any CPU
		{DA4C2772-3DEE-42D9-8F11-137377D4D805}.Release|Any CPU.Build.0 = Release|Any CPU
		{7A494B4B-E9F0-4026-9487-E54F31676991}.Debug|Any CPU.ActiveCfg = Debug|Any CPU
		{7A494B4B-E9F0-4026-9487-E54F31676991}.Debug|Any CPU.Build.0 = Debug|Any CPU
		{7A494B4B-E9F0-4026-9487-E54F31676991}.Debug|Any CPU.Deploy.0 = Debug|Any CPU
		{7A494B4B-E9F0-4026-9487-E54F31676991}.Release|Any CPU.ActiveCfg = Release|Any CPU
		{7A494B4B-E9F0-4026-9487-E54F31676991}.Release|Any CPU.Build.0 = Release|Any CPU
		{7A494B4B-E9F0-4026-9487-E54F31676991}.Release|Any CPU.Deploy.0 = Release|Any CPU
		{8F366AF3-54E9-4CA7-859F-E25C3EA7F5FE}.Debug|Any CPU.ActiveCfg = Debug|Any CPU
		{8F366AF3-54E9-4CA7-859F-E25C3EA7F5FE}.Debug|Any CPU.Build.0 = Debug|Any CPU
		{8F366AF3-54E9-4CA7-859F-E25C3EA7F5FE}.Release|Any CPU.ActiveCfg = Release|Any CPU
		{8F366AF3-54E9-4CA7-859F-E25C3EA7F5FE}.Release|Any CPU.Build.0 = Release|Any CPU
		{65CD5E3F-FC5C-4A31-BA8A-E0E91CF792AF}.Debug|Any CPU.ActiveCfg = Debug|Any CPU
		{65CD5E3F-FC5C-4A31-BA8A-E0E91CF792AF}.Debug|Any CPU.Build.0 = Debug|Any CPU
		{65CD5E3F-FC5C-4A31-BA8A-E0E91CF792AF}.Debug|Any CPU.Deploy.0 = Debug|Any CPU
		{65CD5E3F-FC5C-4A31-BA8A-E0E91CF792AF}.Release|Any CPU.ActiveCfg = Release|Any CPU
		{65CD5E3F-FC5C-4A31-BA8A-E0E91CF792AF}.Release|Any CPU.Build.0 = Release|Any CPU
		{65CD5E3F-FC5C-4A31-BA8A-E0E91CF792AF}.Release|Any CPU.Deploy.0 = Release|Any CPU
		{A56DB174-DD90-48AF-A327-E324FD7CCFFA}.Debug|Any CPU.ActiveCfg = Debug|Any CPU
		{A56DB174-DD90-48AF-A327-E324FD7CCFFA}.Debug|Any CPU.Build.0 = Debug|Any CPU
		{A56DB174-DD90-48AF-A327-E324FD7CCFFA}.Release|Any CPU.ActiveCfg = Release|Any CPU
		{A56DB174-DD90-48AF-A327-E324FD7CCFFA}.Release|Any CPU.Build.0 = Release|Any CPU
		{1C40F801-7466-4BF2-AD08-7ABD92974735}.Debug|Any CPU.ActiveCfg = Debug|Any CPU
		{1C40F801-7466-4BF2-AD08-7ABD92974735}.Debug|Any CPU.Build.0 = Debug|Any CPU
		{1C40F801-7466-4BF2-AD08-7ABD92974735}.Release|Any CPU.ActiveCfg = Release|Any CPU
		{1C40F801-7466-4BF2-AD08-7ABD92974735}.Release|Any CPU.Build.0 = Release|Any CPU
		{BDD81A52-E6A3-4921-9714-D8C48DAA580F}.Debug|Any CPU.ActiveCfg = Debug|Any CPU
		{BDD81A52-E6A3-4921-9714-D8C48DAA580F}.Debug|Any CPU.Build.0 = Debug|Any CPU
		{BDD81A52-E6A3-4921-9714-D8C48DAA580F}.Release|Any CPU.ActiveCfg = Release|Any CPU
		{BDD81A52-E6A3-4921-9714-D8C48DAA580F}.Release|Any CPU.Build.0 = Release|Any CPU
		{129B6608-4F1C-4A4C-9C20-10BC32880973}.Debug|Any CPU.ActiveCfg = Debug|Any CPU
		{129B6608-4F1C-4A4C-9C20-10BC32880973}.Debug|Any CPU.Build.0 = Debug|Any CPU
		{129B6608-4F1C-4A4C-9C20-10BC32880973}.Release|Any CPU.ActiveCfg = Release|Any CPU
		{129B6608-4F1C-4A4C-9C20-10BC32880973}.Release|Any CPU.Build.0 = Release|Any CPU
		{BECDA953-85D2-4A9F-B259-26396B718AA6}.Debug|Any CPU.ActiveCfg = Debug|Any CPU
		{BECDA953-85D2-4A9F-B259-26396B718AA6}.Debug|Any CPU.Build.0 = Debug|Any CPU
		{BECDA953-85D2-4A9F-B259-26396B718AA6}.Release|Any CPU.ActiveCfg = Release|Any CPU
		{BECDA953-85D2-4A9F-B259-26396B718AA6}.Release|Any CPU.Build.0 = Release|Any CPU
		{7D58AB37-8B08-46F1-A7AD-BF4154DEDEEB}.Debug|Any CPU.ActiveCfg = Debug|Any CPU
		{7D58AB37-8B08-46F1-A7AD-BF4154DEDEEB}.Debug|Any CPU.Build.0 = Debug|Any CPU
		{7D58AB37-8B08-46F1-A7AD-BF4154DEDEEB}.Release|Any CPU.ActiveCfg = Release|Any CPU
		{7D58AB37-8B08-46F1-A7AD-BF4154DEDEEB}.Release|Any CPU.Build.0 = Release|Any CPU
	EndGlobalSection
	GlobalSection(SolutionProperties) = preSolution
		HideSolutionNode = FALSE
	EndGlobalSection
	GlobalSection(NestedProjects) = preSolution
		{7A494B4B-E9F0-4026-9487-E54F31676991} = {02EA681E-C7D8-13C7-8484-4AC65E1B71E8}
		{8F366AF3-54E9-4CA7-859F-E25C3EA7F5FE} = {02EA681E-C7D8-13C7-8484-4AC65E1B71E8}
		{65CD5E3F-FC5C-4A31-BA8A-E0E91CF792AF} = {02EA681E-C7D8-13C7-8484-4AC65E1B71E8}
		{BDD81A52-E6A3-4921-9714-D8C48DAA580F} = {E573A1A9-0DBC-4C6C-ACFA-88D1F7261FF5}
		{129B6608-4F1C-4A4C-9C20-10BC32880973} = {E573A1A9-0DBC-4C6C-ACFA-88D1F7261FF5}
		{BECDA953-85D2-4A9F-B259-26396B718AA6} = {E573A1A9-0DBC-4C6C-ACFA-88D1F7261FF5}
	EndGlobalSection
	GlobalSection(ExtensibilityGlobals) = postSolution
		SolutionGuid = {D6CBF478-315B-4854-BFBE-867A59796B02}
	EndGlobalSection
EndGlobal
